# This file was autogenerated by Stack.
# You should not edit this file by hand.
# For more information, please see the documentation at:
#   https://docs.haskellstack.org/en/stable/lock_files

packages:
- completed:
    hackage: co-log-sys-0.1.1.0@sha256:b9f31bbf78b5bd510264b1fda2cff94877ad093c3cc231ee5b9acb62f313978a,2560
    pantry-tree:
      size: 657
      sha256: 50fa269833da292ab1b6817bb8664c3f76276a65ff9baa9f38d0e19da90b04e3
  original:
    hackage: co-log-sys-0.1.1.0
- completed:
    hackage: componentm-0.0.0.2@sha256:d15df070056810a512183021d95af6fc99a4ff96a26352de4fe46b92ebc84728,2103
    pantry-tree:
      size: 629
      sha256: eb848cec860eb1588d5197a6e5441d60058aa006be610d2ca7388deac1c912e5
  original:
    hackage: componentm-0.0.0.2
- completed:
    cabal-file:
      size: 1096
      sha256: 23f4be93bd29f79b7d1e623dcdbbbf6e385361296a5226f86bbee6f244ce4194
    name: caps
    version: '0'
    git: https://github.com/int-index/caps
    pantry-tree:
      size: 374
      sha256: 88b8b2ba4213985a67303961ba239b61739d4bc00dcebafa0ce80163d1aaed2c
    commit: ab4345eabd58fc6f05d3b46bea2c5acdba3ec6f8
  original:
    git: https://github.com/int-index/caps
    commit: ab4345eabd58fc6f05d3b46bea2c5acdba3ec6f8
- completed:
    cabal-file:
      size: 2698
      sha256: a4dc3775242ba4a634b0f23fb07d54506928fc9b1981b604eef60bc23f03b31b
    name: zeromq4-haskell
    version: 0.7.0
    git: https://github.com/serokell/zeromq-haskell
    pantry-tree:
      size: 1549
      sha256: 44af9e65599823ae012cd740e3d5f4874ddeba7f027edf16600be9971f07310d
    commit: 714ac20981b2d346609fd896a1af4d31eb6d1162
  original:
    git: https://github.com/serokell/zeromq-haskell
    commit: 714ac20981b2d346609fd896a1af4d31eb6d1162
- completed:
    hackage: teardown-0.5.0.1@sha256:b7a6812637f79d81632bb7adebc5ad9a96fffacf3e5f655d5bf21728bd3786f9,2868
    pantry-tree:
      size: 742
      sha256: 386c90aef420c528d67581e2108bacbb648b8ca6d1bbd447e5f3a306db4b236c
  original:
    hackage: teardown-0.5.0.1
snapshots:
- completed:
    size: 525662
    url: https://raw.githubusercontent.com/commercialhaskell/stackage-snapshots/master/lts/14/15.yaml
    sha256: c5e673e5723931b64ef2eb5004f6d9ea3c95b58d48388dbc4de6f66b97c81f7a
  original: lts-14.15
