# This file was autogenerated by Stack.
# You should not edit this file by hand.
# For more information, please see the documentation at:
#   https://docs.haskellstack.org/en/stable/lock_files

packages:
- completed:
    hackage: co-log-sys-0.1.1.0@sha256:b9f31bbf78b5bd510264b1fda2cff94877ad093c3cc231ee5b9acb62f313978a,2560
    pantry-tree:
      size: 657
      sha256: 50fa269833da292ab1b6817bb8664c3f76276a65ff9baa9f38d0e19da90b04e3
  original:
    hackage: co-log-sys-0.1.1.0
- completed:
    hackage: componentm-0.0.0.2@sha256:d15df070056810a512183021d95af6fc99a4ff96a26352de4fe46b92ebc84728,2103
    pantry-tree:
      size: 629
      sha256: eb848cec860eb1588d5197a6e5441d60058aa006be610d2ca7388deac1c912e5
  original:
    hackage: componentm-0.0.0.2
- completed:
    name: caps
    version: '0.1'
    git: https://github.com/int-index/caps
    pantry-tree:
      size: 438
      sha256: 39fde8e2319cf3b09897dc144fe721e41a943ecac74ef8256fd6ad95b934393b
    commit: a5eaad31dcef6046a8a01a65ec648219d06478ba
  original:
    git: https://github.com/int-index/caps
    commit: a5eaad31dcef6046a8a01a65ec648219d06478ba
- completed:
    name: zeromq4-haskell
    version: 0.7.0
    git: https://github.com/serokell/zeromq-haskell
    pantry-tree:
      size: 1549
      sha256: 44af9e65599823ae012cd740e3d5f4874ddeba7f027edf16600be9971f07310d
    commit: 714ac20981b2d346609fd896a1af4d31eb6d1162
  original:
    git: https://github.com/serokell/zeromq-haskell
    commit: 714ac20981b2d346609fd896a1af4d31eb6d1162
- completed:
    name: base-noprelude
    version: 4.15.1.0
    git: https://github.com/serokell/base-noprelude.git
    pantry-tree:
      size: 823
      sha256: e5379f2f6565ae07b8bfb3da213e5a648edd79ccec000290d0f234b9cb750863
    commit: c8b06c4c8a271fce0c2f41ab18e88d58e64bac52
  original:
    git: https://github.com/serokell/base-noprelude.git
    commit: c8b06c4c8a271fce0c2f41ab18e88d58e64bac52
- completed:
    name: co-log
    version: 0.4.0.2
    git: https://github.com/co-log/co-log.git
    pantry-tree:
      size: 1637
      sha256: f13e7119483636d37487f0a64de35e4f4bfe275bafc418907e593d57ce588649
    commit: 65b89152d0ae61ac99a56fbe645ed28cfacd717e
  original:
    git: https://github.com/co-log/co-log.git
    commit: 65b89152d0ae61ac99a56fbe645ed28cfacd717e
- completed:
    hackage: chronos-1.1.4@sha256:c51e9c5afce7bb26c01aba10e42f5a29ccafa4a8d6fd9264d68f16419e05ac47,3811
    pantry-tree:
      size: 581
      sha256: acb417125d8a63a7ddc12a2cac425f8d1d6741fc76b40c0de6bb8d226f731727
  original:
    hackage: chronos-1.1.4
- completed:
    hackage: co-log-core-0.3.1.0@sha256:9794bdedd1391decd0e22bdfe2b11abcb42e6cff7a4531e1f8882890828f4e63,3816
    pantry-tree:
      size: 584
      sha256: d4cc089c40c5052ee02f91eafa567e0a239908aabc561dfa6080ba3bfc8c25bd
  original:
    hackage: co-log-core-0.3.1.0
- completed:
    hackage: typerep-map-0.5.0.0@sha256:34f1ba9b268a6d52e26ae460011a5571e8099b50a3f4a7c8db25dd8efe3be8ee,4667
    pantry-tree:
      size: 1487
      sha256: ca5565de307d260dc67f6dae0d4d33eee42a3238183461569b5142ceb909c91d
  original:
    hackage: typerep-map-0.5.0.0
- completed:
    hackage: bytebuild-0.3.10.0@sha256:c0f3bdbb92cfb48193756366c50193cde23aa7f8292994a9e3a744f5307c6fc1,3213
    pantry-tree:
      size: 1135
      sha256: 00da63e842faa2758fa08e1554f30f7cf69b4b1fc4ce84ebedff64542f1fd00f
  original:
    hackage: bytebuild-0.3.10.0
- completed:
    hackage: byteslice-0.2.7.0@sha256:b5aa80e6efa143b532d20603fb643767386771ec059adedd87cf72cceaf96420,2403
    pantry-tree:
      size: 1546
      sha256: d2b3fe36bbabea0225bbce11f9c61a5c81fea7bfb9f742086284e4d0667d1797
  original:
    hackage: byteslice-0.2.7.0
- completed:
    hackage: bytesmith-0.3.8.0@sha256:c17c0eb6702dfa209b2e5e7496d72f770d0b5dc2adf30da62f611966ebbb69f5,1863
    pantry-tree:
      size: 1185
      sha256: a8714bdfd649a717a1fdfa8f0e64c1e1d6f87893b36cdfa605491129e0c1cf04
  original:
    hackage: bytesmith-0.3.8.0
- completed:
    hackage: run-st-0.1.1.0@sha256:a43245bb23984089016772481bf52bfe63eaff0c5040303f69c9b15e80872fdc,883
    pantry-tree:
      size: 269
      sha256: 06d5d7ecf185a26c15e48cda6c30e8865dae715c528a31466701272fae36d822
  original:
    hackage: run-st-0.1.1.0
- completed:
    hackage: zigzag-0.0.1.0@sha256:a995158dad3dfe0347cfc8f8a9327cc3f51832600553169ba5b1e08c45b45405,1078
    pantry-tree:
      size: 321
      sha256: e5e5aadb11d695f9f1792a6d8f8faa4131afc23713335ff93dab6b0806bea510
  original:
    hackage: zigzag-0.0.1.0
- completed:
    hackage: contiguous-0.6.1.1@sha256:10922abbdf6c61cb4a9e493609871c4fd0c47dcde17dba3a6b6c420ef76fc212,1871
    pantry-tree:
      size: 600
      sha256: e17834983b11be7cf05fca6a139987bf970634bf8bcf31621cf09d92aaecdd85
  original:
    hackage: contiguous-0.6.1.1
- completed:
    hackage: teardown-0.5.0.1@sha256:b7a6812637f79d81632bb7adebc5ad9a96fffacf3e5f655d5bf21728bd3786f9,2868
    pantry-tree:
      size: 742
      sha256: 386c90aef420c528d67581e2108bacbb648b8ca6d1bbd447e5f3a306db4b236c
  original:
    hackage: teardown-0.5.0.1
snapshots:
- completed:
    size: 619391
    url: https://raw.githubusercontent.com/commercialhaskell/stackage-snapshots/master/lts/19/21.yaml
    sha256: fe8926aaa3f05bb1a0a82551d2e221f267726fe73ac369d74f7b909d45b92fba
  original: lts-19.21
